
Microsoft Visual Studio Solution File, Format Version 12.00
# Visual Studio Version 17
VisualStudioVersion = 17.5.33530.505
MinimumVisualStudioVersion = 10.0.40219.1
Project("{FAE04EC0-301F-11D3-BF4B-00C04F79EFBC}") = "TestPipeline", "TestPipeline\TestPipeline.csproj", "{4EE70951-C4EA-496C-AE15-2D009FC8468B}"
EndProject
Project("{FAE04EC0-301F-11D3-BF4B-00C04F79EFBC}") = "UnitTest", "UnitTest\UnitTest.csproj", "{8E76A208-B266-4C50-AB32-932A77F003C1}"
EndProject
Global
	GlobalSection(SolutionConfigurationPlatforms) = preSolution
		Debug|Any CPU = Debug|Any CPU
		Release|Any CPU = Release|Any CPU
	EndGlobalSection
	GlobalSection(ProjectConfigurationPlatforms) = postSolution
		{4EE70951-C4EA-496C-AE15-2D009FC8468B}.Debug|Any CPU.ActiveCfg = Debug|Any CPU
		{4EE70951-C4EA-496C-AE15-2D009FC8468B}.Debug|Any CPU.Build.0 = Debug|Any CPU
		{4EE70951-C4EA-496C-AE15-2D009FC8468B}.Release|Any CPU.ActiveCfg = Release|Any CPU
		{4EE70951-C4EA-496C-AE15-2D009FC8468B}.Release|Any CPU.Build.0 = Release|Any CPU
		{8E76A208-B266-4C50-AB32-932A77F003C1}.Debug|Any CPU.ActiveCfg = Debug|Any CPU
		{8E76A208-B266-4C50-AB32-932A77F003C1}.Debug|Any CPU.Build.0 = Debug|Any CPU
		{8E76A208-B266-4C50-AB32-932A77F003C1}.Release|Any CPU.ActiveCfg = Release|Any CPU
		{8E76A208-B266-4C50-AB32-932A77F003C1}.Release|Any CPU.Build.0 = Release|Any CPU
	EndGlobalSection
	GlobalSection(SolutionProperties) = preSolution
		HideSolutionNode = FALSE
	EndGlobalSection
	GlobalSection(ExtensibilityGlobals) = postSolution
		SolutionGuid = {FD9DA38A-96C6-4D0E-83E6-76303F7BCA80}
	EndGlobalSection
EndGlobal
